PODS:
  - ACFloatingTextfield-Swift (1.3)
  - Alamofire (4.4.0)
  - Realm (2.6.2):
    - Realm/Headers (= 2.6.2)
  - Realm/Headers (2.6.2)
  - RealmSwift (2.6.2):
    - Realm (= 2.6.2)
  - SideMenuController (0.2.4)
  - SwiftyJSON (3.1.4)

DEPENDENCIES:
  - ACFloatingTextfield-Swift
  - Alamofire
  - RealmSwift
  - SideMenuController
  - SwiftyJSON

SPEC CHECKSUMS:
  ACFloatingTextfield-Swift: 9588c2157016cbcee11afde9077e22c273e15e56
  Alamofire: dc44b1600b800eb63da6a19039a0083d62a6a62d
  Realm: 29222766425b9f831228f81b63f0e38a97a4d700
  RealmSwift: d161a80f96cb91ae88391a7d5a9cf08024a7bc8e
  SideMenuController: b463d2b3aa58e2afe57f57a07938fa9a647894ca
  SwiftyJSON: c2842d878f95482ffceec5709abc3d05680c0220

PODFILE CHECKSUM: 387b430f02f57232a26eedb7adcf6135bd8ba0ec

COCOAPODS: 1.2.1
