PODS:
  - ACFloatingTextfield-Swift (1.5)
  - Alamofire (4.5.1)
  - Realm (3.0.0):
    - Realm/Headers (= 3.0.0)
  - Realm/Headers (3.0.0)
  - RealmSwift (3.0.0):
    - Realm (= 3.0.0)
  - SideMenuController (0.2.4)
  - SwiftyJSON (3.1.4)

DEPENDENCIES:
  - ACFloatingTextfield-Swift
  - Alamofire
  - RealmSwift
  - SideMenuController
  - SwiftyJSON

SPEC CHECKSUMS:
  ACFloatingTextfield-Swift: ebcfb892acbce8545576dd224df7b1b7473a4bbd
  Alamofire: 2d95912bf4c34f164fdfc335872e8c312acaea4a
  Realm: dec0de73be8c57506e39db72694d513c189493b3
  RealmSwift: 44a7090b16d1b22a406c6bf129bdd602db1bbecc
  SideMenuController: b463d2b3aa58e2afe57f57a07938fa9a647894ca
  SwiftyJSON: c2842d878f95482ffceec5709abc3d05680c0220

PODFILE CHECKSUM: 387b430f02f57232a26eedb7adcf6135bd8ba0ec

COCOAPODS: 1.2.1
